
Microsoft Visual Studio Solution File, Format Version 12.00
# Visual Studio Version 17
VisualStudioVersion = 17.0.31919.166
MinimumVisualStudioVersion = 10.0.40219.1
Project("{FAE04EC0-301F-11D3-BF4B-00C04F79EFBC}") = "Menyer", "Menyer.csproj", "{5439A253-6BCD-4F2A-85B6-4B524DAF34EF}"
EndProject
Global
	GlobalSection(SolutionConfigurationPlatforms) = preSolution
		Debug|Any CPU = Debug|Any CPU
		Release|Any CPU = Release|Any CPU
	EndGlobalSection
	GlobalSection(ProjectConfigurationPlatforms) = postSolution
		{5439A253-6BCD-4F2A-85B6-4B524DAF34EF}.Debug|Any CPU.ActiveCfg = Debug|Any CPU
		{5439A253-6BCD-4F2A-85B6-4B524DAF34EF}.Debug|Any CPU.Build.0 = Debug|Any CPU
		{5439A253-6BCD-4F2A-85B6-4B524DAF34EF}.Release|Any CPU.ActiveCfg = Release|Any CPU
		{5439A253-6BCD-4F2A-85B6-4B524DAF34EF}.Release|Any CPU.Build.0 = Release|Any CPU
	EndGlobalSection
	GlobalSection(SolutionProperties) = preSolution
		HideSolutionNode = FALSE
	EndGlobalSection
	GlobalSection(ExtensibilityGlobals) = postSolution
		SolutionGuid = {3BF46747-78B8-4AC8-8191-3354793ECC61}
	EndGlobalSection
EndGlobal
